// !$*UTF8*$!
{
	archiveVersion = 1;
	classes = {
	};
	objectVersion = 46;
	objects = {

/* Begin PBXBuildFile section */
		D5972EAC1CD25A8F00CA49F8 /* PersistenceLayer.framework in Frameworks */ = {isa = PBXBuildFile; fileRef = D5972EAB1CD25A8F00CA49F8 /* PersistenceLayer.framework */; };
		D5972EAF1CD25AA600CA49F8 /* EventsBL.h in Headers */ = {isa = PBXBuildFile; fileRef = D5972EAD1CD25AA600CA49F8 /* EventsBL.h */; };
		D5972EB01CD25AA600CA49F8 /* EventsBL.m in Sources */ = {isa = PBXBuildFile; fileRef = D5972EAE1CD25AA600CA49F8 /* EventsBL.m */; };
		D5972EB31CD25D9C00CA49F8 /* ScheduleBL.h in Headers */ = {isa = PBXBuildFile; fileRef = D5972EB11CD25D9C00CA49F8 /* ScheduleBL.h */; };
		D5972EB41CD25D9C00CA49F8 /* ScheduleBL.m in Sources */ = {isa = PBXBuildFile; fileRef = D5972EB21CD25D9C00CA49F8 /* ScheduleBL.m */; };
		D5972EB61CD2625500CA49F8 /* EventsBLTest.m in Sources */ = {isa = PBXBuildFile; fileRef = D5972EB51CD2625500CA49F8 /* EventsBLTest.m */; };
		D5972EB81CD2629F00CA49F8 /* ScheduleBLTest.m in Sources */ = {isa = PBXBuildFile; fileRef = D5972EB71CD2629F00CA49F8 /* ScheduleBLTest.m */; };
		D5EEEDB31CCF620D00457495 /* BusinessLogicLayer.h in Headers */ = {isa = PBXBuildFile; fileRef = D5EEEDB21CCF620D00457495 /* BusinessLogicLayer.h */; settings = {ATTRIBUTES = (Public, ); }; };
		D5EEEDBA1CCF620D00457495 /* BusinessLogicLayer.framework in Frameworks */ = {isa = PBXBuildFile; fileRef = D5EEEDAF1CCF620D00457495 /* BusinessLogicLayer.framework */; };
		D5EEEDBF1CCF620D00457495 /* BusinessLogicLayerTests.m in Sources */ = {isa = PBXBuildFile; fileRef = D5EEEDBE1CCF620D00457495 /* BusinessLogicLayerTests.m */; };
/* End PBXBuildFile section */

/* Begin PBXContainerItemProxy section */
		D5EEEDBB1CCF620D00457495 /* PBXContainerItemProxy */ = {
			isa = PBXContainerItemProxy;
			containerPortal = D5EEEDA61CCF620D00457495 /* Project object */;
			proxyType = 1;
			remoteGlobalIDString = D5EEEDAE1CCF620D00457495;
			remoteInfo = BusinessLogicLayer;
		};
/* End PBXContainerItemProxy section */

/* Begin PBXFileReference section */
		D5972EAB1CD25A8F00CA49F8 /* PersistenceLayer.framework */ = {isa = PBXFileReference; lastKnownFileType = wrapper.framework; name = PersistenceLayer.framework; path = "../PersistenceLayer/build/Debug-iphoneos/PersistenceLayer.framework"; sourceTree = "<group>"; };
		D5972EAD1CD25AA600CA49F8 /* EventsBL.h */ = {isa = PBXFileReference; fileEncoding = 4; lastKnownFileType = sourcecode.c.h; path = EventsBL.h; sourceTree = "<group>"; };
		D5972EAE1CD25AA600CA49F8 /* EventsBL.m */ = {isa = PBXFileReference; fileEncoding = 4; lastKnownFileType = sourcecode.c.objc; path = EventsBL.m; sourceTree = "<group>"; };
		D5972EB11CD25D9C00CA49F8 /* ScheduleBL.h */ = {isa = PBXFileReference; fileEncoding = 4; lastKnownFileType = sourcecode.c.h; path = ScheduleBL.h; sourceTree = "<group>"; };
		D5972EB21CD25D9C00CA49F8 /* ScheduleBL.m */ = {isa = PBXFileReference; fileEncoding = 4; lastKnownFileType = sourcecode.c.objc; path = ScheduleBL.m; sourceTree = "<group>"; };
		D5972EB51CD2625500CA49F8 /* EventsBLTest.m */ = {isa = PBXFileReference; fileEncoding = 4; lastKnownFileType = sourcecode.c.objc; path = EventsBLTest.m; sourceTree = "<group>"; };
		D5972EB71CD2629F00CA49F8 /* ScheduleBLTest.m */ = {isa = PBXFileReference; fileEncoding = 4; lastKnownFileType = sourcecode.c.objc; path = ScheduleBLTest.m; sourceTree = "<group>"; };
		D5EEEDAF1CCF620D00457495 /* BusinessLogicLayer.framework */ = {isa = PBXFileReference; explicitFileType = wrapper.framework; includeInIndex = 0; path = BusinessLogicLayer.framework; sourceTree = BUILT_PRODUCTS_DIR; };
		D5EEEDB21CCF620D00457495 /* BusinessLogicLayer.h */ = {isa = PBXFileReference; lastKnownFileType = sourcecode.c.h; path = BusinessLogicLayer.h; sourceTree = "<group>"; };
		D5EEEDB41CCF620D00457495 /* Info.plist */ = {isa = PBXFileReference; lastKnownFileType = text.plist.xml; path = Info.plist; sourceTree = "<group>"; };
		D5EEEDB91CCF620D00457495 /* BusinessLogicLayerTests.xctest */ = {isa = PBXFileReference; explicitFileType = wrapper.cfbundle; includeInIndex = 0; path = BusinessLogicLayerTests.xctest; sourceTree = BUILT_PRODUCTS_DIR; };
		D5EEEDBE1CCF620D00457495 /* BusinessLogicLayerTests.m */ = {isa = PBXFileReference; lastKnownFileType = sourcecode.c.objc; path = BusinessLogicLayerTests.m; sourceTree = "<group>"; };
		D5EEEDC01CCF620D00457495 /* Info.plist */ = {isa = PBXFileReference; lastKnownFileType = text.plist.xml; path = Info.plist; sourceTree = "<group>"; };
/* End PBXFileReference section */

/* Begin PBXFrameworksBuildPhase section */
		D5EEEDAB1CCF620D00457495 /* Frameworks */ = {
			isa = PBXFrameworksBuildPhase;
			buildActionMask = 2147483647;
			files = (
				D5972EAC1CD25A8F00CA49F8 /* PersistenceLayer.framework in Frameworks */,
			);
			runOnlyForDeploymentPostprocessing = 0;
		};
		D5EEEDB61CCF620D00457495 /* Frameworks */ = {
			isa = PBXFrameworksBuildPhase;
			buildActionMask = 2147483647;
			files = (
				D5EEEDBA1CCF620D00457495 /* BusinessLogicLayer.framework in Frameworks */,
			);
			runOnlyForDeploymentPostprocessing = 0;
		};
/* End PBXFrameworksBuildPhase section */

/* Begin PBXGroup section */
		D5EEEDA51CCF620D00457495 = {
			isa = PBXGroup;
			children = (
				D5972EAB1CD25A8F00CA49F8 /* PersistenceLayer.framework */,
				D5EEEDB11CCF620D00457495 /* BusinessLogicLayer */,
				D5EEEDBD1CCF620D00457495 /* BusinessLogicLayerTests */,
				D5EEEDB01CCF620D00457495 /* Products */,
			);
			sourceTree = "<group>";
		};
		D5EEEDB01CCF620D00457495 /* Products */ = {
			isa = PBXGroup;
			children = (
				D5EEEDAF1CCF620D00457495 /* BusinessLogicLayer.framework */,
				D5EEEDB91CCF620D00457495 /* BusinessLogicLayerTests.xctest */,
			);
			name = Products;
			sourceTree = "<group>";
		};
		D5EEEDB11CCF620D00457495 /* BusinessLogicLayer */ = {
			isa = PBXGroup;
			children = (
				D5EEEDB21CCF620D00457495 /* BusinessLogicLayer.h */,
				D5EEEDB41CCF620D00457495 /* Info.plist */,
				D5972EAD1CD25AA600CA49F8 /* EventsBL.h */,
				D5972EAE1CD25AA600CA49F8 /* EventsBL.m */,
				D5972EB11CD25D9C00CA49F8 /* ScheduleBL.h */,
				D5972EB21CD25D9C00CA49F8 /* ScheduleBL.m */,
			);
			path = BusinessLogicLayer;
			sourceTree = "<group>";
		};
		D5EEEDBD1CCF620D00457495 /* BusinessLogicLayerTests */ = {
			isa = PBXGroup;
			children = (
				D5EEEDBE1CCF620D00457495 /* BusinessLogicLayerTests.m */,
				D5EEEDC01CCF620D00457495 /* Info.plist */,
				D5972EB51CD2625500CA49F8 /* EventsBLTest.m */,
				D5972EB71CD2629F00CA49F8 /* ScheduleBLTest.m */,
			);
			path = BusinessLogicLayerTests;
			sourceTree = "<group>";
		};
/* End PBXGroup section */

/* Begin PBXHeadersBuildPhase section */
		D5EEEDAC1CCF620D00457495 /* Headers */ = {
			isa = PBXHeadersBuildPhase;
			buildActionMask = 2147483647;
			files = (
				D5972EB31CD25D9C00CA49F8 /* ScheduleBL.h in Headers */,
				D5EEEDB31CCF620D00457495 /* BusinessLogicLayer.h in Headers */,
				D5972EAF1CD25AA600CA49F8 /* EventsBL.h in Headers */,
			);
			runOnlyForDeploymentPostprocessing = 0;
		};
/* End PBXHeadersBuildPhase section */

/* Begin PBXNativeTarget section */
		D5EEEDAE1CCF620D00457495 /* BusinessLogicLayer */ = {
			isa = PBXNativeTarget;
			buildConfigurationList = D5EEEDC31CCF620D00457495 /* Build configuration list for PBXNativeTarget "BusinessLogicLayer" */;
			buildPhases = (
				D5EEEDAA1CCF620D00457495 /* Sources */,
				D5EEEDAB1CCF620D00457495 /* Frameworks */,
				D5EEEDAC1CCF620D00457495 /* Headers */,
				D5EEEDAD1CCF620D00457495 /* Resources */,
			);
			buildRules = (
			);
			dependencies = (
			);
			name = BusinessLogicLayer;
			productName = BusinessLogicLayer;
			productReference = D5EEEDAF1CCF620D00457495 /* BusinessLogicLayer.framework */;
			productType = "com.apple.product-type.framework";
		};
		D5EEEDB81CCF620D00457495 /* BusinessLogicLayerTests */ = {
			isa = PBXNativeTarget;
			buildConfigurationList = D5EEEDC61CCF620D00457495 /* Build configuration list for PBXNativeTarget "BusinessLogicLayerTests" */;
			buildPhases = (
				D5EEEDB51CCF620D00457495 /* Sources */,
				D5EEEDB61CCF620D00457495 /* Frameworks */,
				D5EEEDB71CCF620D00457495 /* Resources */,
			);
			buildRules = (
			);
			dependencies = (
				D5EEEDBC1CCF620D00457495 /* PBXTargetDependency */,
			);
			name = BusinessLogicLayerTests;
			productName = BusinessLogicLayerTests;
			productReference = D5EEEDB91CCF620D00457495 /* BusinessLogicLayerTests.xctest */;
			productType = "com.apple.product-type.bundle.unit-test";
		};
/* End PBXNativeTarget section */

/* Begin PBXProject section */
		D5EEEDA61CCF620D00457495 /* Project object */ = {
			isa = PBXProject;
			attributes = {
				LastUpgradeCheck = 0720;
				ORGANIZATIONNAME = gibsion;
				TargetAttributes = {
					D5EEEDAE1CCF620D00457495 = {
						CreatedOnToolsVersion = 7.2;
					};
					D5EEEDB81CCF620D00457495 = {
						CreatedOnToolsVersion = 7.2;
					};
				};
			};
			buildConfigurationList = D5EEEDA91CCF620D00457495 /* Build configuration list for PBXProject "BusinessLogicLayer" */;
			compatibilityVersion = "Xcode 3.2";
			developmentRegion = English;
			hasScannedForEncodings = 0;
			knownRegions = (
				en,
			);
			mainGroup = D5EEEDA51CCF620D00457495;
			productRefGroup = D5EEEDB01CCF620D00457495 /* Products */;
			projectDirPath = "";
			projectRoot = "";
			targets = (
				D5EEEDAE1CCF620D00457495 /* BusinessLogicLayer */,
				D5EEEDB81CCF620D00457495 /* BusinessLogicLayerTests */,
			);
		};
/* End PBXProject section */

/* Begin PBXResourcesBuildPhase section */
		D5EEEDAD1CCF620D00457495 /* Resources */ = {
			isa = PBXResourcesBuildPhase;
			buildActionMask = 2147483647;
			files = (
			);
			runOnlyForDeploymentPostprocessing = 0;
		};
		D5EEEDB71CCF620D00457495 /* Resources */ = {
			isa = PBXResourcesBuildPhase;
			buildActionMask = 2147483647;
			files = (
			);
			runOnlyForDeploymentPostprocessing = 0;
		};
/* End PBXResourcesBuildPhase section */

/* Begin PBXSourcesBuildPhase section */
		D5EEEDAA1CCF620D00457495 /* Sources */ = {
			isa = PBXSourcesBuildPhase;
			buildActionMask = 2147483647;
			files = (
				D5972EB41CD25D9C00CA49F8 /* ScheduleBL.m in Sources */,
				D5972EB01CD25AA600CA49F8 /* EventsBL.m in Sources */,
			);
			runOnlyForDeploymentPostprocessing = 0;
		};
		D5EEEDB51CCF620D00457495 /* Sources */ = {
			isa = PBXSourcesBuildPhase;
			buildActionMask = 2147483647;
			files = (
				D5972EB61CD2625500CA49F8 /* EventsBLTest.m in Sources */,
				D5972EB81CD2629F00CA49F8 /* ScheduleBLTest.m in Sources */,
				D5EEEDBF1CCF620D00457495 /* BusinessLogicLayerTests.m in Sources */,
			);
			runOnlyForDeploymentPostprocessing = 0;
		};
/* End PBXSourcesBuildPhase section */

/* Begin PBXTargetDependency section */
		D5EEEDBC1CCF620D00457495 /* PBXTargetDependency */ = {
			isa = PBXTargetDependency;
			target = D5EEEDAE1CCF620D00457495 /* BusinessLogicLayer */;
			targetProxy = D5EEEDBB1CCF620D00457495 /* PBXContainerItemProxy */;
		};
/* End PBXTargetDependency section */

/* Begin XCBuildConfiguration section */
		D5EEEDC11CCF620D00457495 /* Debug */ = {
			isa = XCBuildConfiguration;
			buildSettings = {
				ALWAYS_SEARCH_USER_PATHS = NO;
				CLANG_CXX_LANGUAGE_STANDARD = "gnu++0x";
				CLANG_CXX_LIBRARY = "libc++";
				CLANG_ENABLE_MODULES = YES;
				CLANG_ENABLE_OBJC_ARC = YES;
				CLANG_WARN_BOOL_CONVERSION = YES;
				CLANG_WARN_CONSTANT_CONVERSION = YES;
				CLANG_WARN_DIRECT_OBJC_ISA_USAGE = YES_ERROR;
				CLANG_WARN_EMPTY_BODY = YES;
				CLANG_WARN_ENUM_CONVERSION = YES;
				CLANG_WARN_INT_CONVERSION = YES;
				CLANG_WARN_OBJC_ROOT_CLASS = YES_ERROR;
				CLANG_WARN_UNREACHABLE_CODE = YES;
				CLANG_WARN__DUPLICATE_METHOD_MATCH = YES;
				"CODE_SIGN_IDENTITY[sdk=iphoneos*]" = "iPhone Developer";
				COPY_PHASE_STRIP = NO;
				CURRENT_PROJECT_VERSION = 1;
				DEBUG_INFORMATION_FORMAT = dwarf;
				ENABLE_STRICT_OBJC_MSGSEND = YES;
				ENABLE_TESTABILITY = YES;
				GCC_C_LANGUAGE_STANDARD = gnu99;
				GCC_DYNAMIC_NO_PIC = NO;
				GCC_NO_COMMON_BLOCKS = YES;
				GCC_OPTIMIZATION_LEVEL = 0;
				GCC_PREPROCESSOR_DEFINITIONS = (
					"DEBUG=1",
					"$(inherited)",
				);
				GCC_WARN_64_TO_32_BIT_CONVERSION = YES;
				GCC_WARN_ABOUT_RETURN_TYPE = YES_ERROR;
				GCC_WARN_UNDECLARED_SELECTOR = YES;
				GCC_WARN_UNINITIALIZED_AUTOS = YES_AGGRESSIVE;
				GCC_WARN_UNUSED_FUNCTION = YES;
				GCC_WARN_UNUSED_VARIABLE = YES;
				IPHONEOS_DEPLOYMENT_TARGET = 9.2;
				MTL_ENABLE_DEBUG_INFO = YES;
				ONLY_ACTIVE_ARCH = YES;
				SDKROOT = iphoneos;
				TARGETED_DEVICE_FAMILY = "1,2";
				VERSIONING_SYSTEM = "apple-generic";
				VERSION_INFO_PREFIX = "";
			};
			name = Debug;
		};
		D5EEEDC21CCF620D00457495 /* Release */ = {
			isa = XCBuildConfiguration;
			buildSettings = {
				ALWAYS_SEARCH_USER_PATHS = NO;
				CLANG_CXX_LANGUAGE_STANDARD = "gnu++0x";
				CLANG_CXX_LIBRARY = "libc++";
				CLANG_ENABLE_MODULES = YES;
				CLANG_ENABLE_OBJC_ARC = YES;
				CLANG_WARN_BOOL_CONVERSION = YES;
				CLANG_WARN_CONSTANT_CONVERSION = YES;
				CLANG_WARN_DIRECT_OBJC_ISA_USAGE = YES_ERROR;
				CLANG_WARN_EMPTY_BODY = YES;
				CLANG_WARN_ENUM_CONVERSION = YES;
				CLANG_WARN_INT_CONVERSION = YES;
				CLANG_WARN_OBJC_ROOT_CLASS = YES_ERROR;
				CLANG_WARN_UNREACHABLE_CODE = YES;
				CLANG_WARN__DUPLICATE_METHOD_MATCH = YES;
				"CODE_SIGN_IDENTITY[sdk=iphoneos*]" = "iPhone Developer";
				COPY_PHASE_STRIP = NO;
				CURRENT_PROJECT_VERSION = 1;
				DEBUG_INFORMATION_FORMAT = "dwarf-with-dsym";
				ENABLE_NS_ASSERTIONS = NO;
				ENABLE_STRICT_OBJC_MSGSEND = YES;
				GCC_C_LANGUAGE_STANDARD = gnu99;
				GCC_NO_COMMON_BLOCKS = YES;
				GCC_WARN_64_TO_32_BIT_CONVERSION = YES;
				GCC_WARN_ABOUT_RETURN_TYPE = YES_ERROR;
				GCC_WARN_UNDECLARED_SELECTOR = YES;
				GCC_WARN_UNINITIALIZED_AUTOS = YES_AGGRESSIVE;
				GCC_WARN_UNUSED_FUNCTION = YES;
				GCC_WARN_UNUSED_VARIABLE = YES;
				IPHONEOS_DEPLOYMENT_TARGET = 9.2;
				MTL_ENABLE_DEBUG_INFO = NO;
				SDKROOT = iphoneos;
				TARGETED_DEVICE_FAMILY = "1,2";
				VALIDATE_PRODUCT = YES;
				VERSIONING_SYSTEM = "apple-generic";
				VERSION_INFO_PREFIX = "";
			};
			name = Release;
		};
		D5EEEDC41CCF620D00457495 /* Debug */ = {
			isa = XCBuildConfiguration;
			buildSettings = {
				DEFINES_MODULE = YES;
				DYLIB_COMPATIBILITY_VERSION = 1;
				DYLIB_CURRENT_VERSION = 1;
				DYLIB_INSTALL_NAME_BASE = "@rpath";
				INFOPLIST_FILE = BusinessLogicLayer/Info.plist;
				INSTALL_PATH = "$(LOCAL_LIBRARY_DIR)/Frameworks";
				LD_RUNPATH_SEARCH_PATHS = "$(inherited) @executable_path/Frameworks @loader_path/Frameworks";
				PRODUCT_BUNDLE_IDENTIFIER = com.gibsion.www.BusinessLogicLayer;
				PRODUCT_NAME = "$(TARGET_NAME)";
				SKIP_INSTALL = YES;
			};
			name = Debug;
		};
		D5EEEDC51CCF620D00457495 /* Release */ = {
			isa = XCBuildConfiguration;
			buildSettings = {
				DEFINES_MODULE = YES;
				DYLIB_COMPATIBILITY_VERSION = 1;
				DYLIB_CURRENT_VERSION = 1;
				DYLIB_INSTALL_NAME_BASE = "@rpath";
				INFOPLIST_FILE = BusinessLogicLayer/Info.plist;
				INSTALL_PATH = "$(LOCAL_LIBRARY_DIR)/Frameworks";
				LD_RUNPATH_SEARCH_PATHS = "$(inherited) @executable_path/Frameworks @loader_path/Frameworks";
				PRODUCT_BUNDLE_IDENTIFIER = com.gibsion.www.BusinessLogicLayer;
				PRODUCT_NAME = "$(TARGET_NAME)";
				SKIP_INSTALL = YES;
			};
			name = Release;
		};
		D5EEEDC71CCF620D00457495 /* Debug */ = {
			isa = XCBuildConfiguration;
			buildSettings = {
				INFOPLIST_FILE = BusinessLogicLayerTests/Info.plist;
				LD_RUNPATH_SEARCH_PATHS = "$(inherited) @executable_path/Frameworks @loader_path/Frameworks";
				PRODUCT_BUNDLE_IDENTIFIER = com.gibsion.www.BusinessLogicLayerTests;
				PRODUCT_NAME = "$(TARGET_NAME)";
			};
			name = Debug;
		};
		D5EEEDC81CCF620D00457495 /* Release */ = {
			isa = XCBuildConfiguration;
			buildSettings = {
				INFOPLIST_FILE = BusinessLogicLayerTests/Info.plist;
				LD_RUNPATH_SEARCH_PATHS = "$(inherited) @executable_path/Frameworks @loader_path/Frameworks";
				PRODUCT_BUNDLE_IDENTIFIER = com.gibsion.www.BusinessLogicLayerTests;
				PRODUCT_NAME = "$(TARGET_NAME)";
			};
			name = Release;
		};
/* End XCBuildConfiguration section */

/* Begin XCConfigurationList section */
		D5EEEDA91CCF620D00457495 /* Build configuration list for PBXProject "BusinessLogicLayer" */ = {
			isa = XCConfigurationList;
			buildConfigurations = (
				D5EEEDC11CCF620D00457495 /* Debug */,
				D5EEEDC21CCF620D00457495 /* Release */,
			);
			defaultConfigurationIsVisible = 0;
			defaultConfigurationName = Release;
		};
		D5EEEDC31CCF620D00457495 /* Build configuration list for PBXNativeTarget "BusinessLogicLayer" */ = {
			isa = XCConfigurationList;
			buildConfigurations = (
				D5EEEDC41CCF620D00457495 /* Debug */,
				D5EEEDC51CCF620D00457495 /* Release */,
			);
			defaultConfigurationIsVisible = 0;
			defaultConfigurationName = Release;
		};
		D5EEEDC61CCF620D00457495 /* Build configuration list for PBXNativeTarget "BusinessLogicLayerTests" */ = {
			isa = XCConfigurationList;
			buildConfigurations = (
				D5EEEDC71CCF620D00457495 /* Debug */,
				D5EEEDC81CCF620D00457495 /* Release */,
			);
			defaultConfigurationIsVisible = 0;
			defaultConfigurationName = Release;
		};
/* End XCConfigurationList section */
	};
	rootObject = D5EEEDA61CCF620D00457495 /* Project object */;
}
